
Microsoft Visual Studio Solution File, Format Version 12.00
# Visual Studio Version 17
VisualStudioVersion = 17.11.35222.181
MinimumVisualStudioVersion = 10.0.40219.1
Project("{FAE04EC0-301F-11D3-BF4B-00C04F79EFBC}") = "BaiTapVeNha20", "BaiTapVeNha20.csproj", "{F94CEF06-D9A7-4C42-8F78-A6E9D5DDD969}"
EndProject
Global
	GlobalSection(SolutionConfigurationPlatforms) = preSolution
		Debug|Any CPU = Debug|Any CPU
		Release|Any CPU = Release|Any CPU
	EndGlobalSection
	GlobalSection(ProjectConfigurationPlatforms) = postSolution
		{F94CEF06-D9A7-4C42-8F78-A6E9D5DDD969}.Debug|Any CPU.ActiveCfg = Debug|Any CPU
		{F94CEF06-D9A7-4C42-8F78-A6E9D5DDD969}.Debug|Any CPU.Build.0 = Debug|Any CPU
		{F94CEF06-D9A7-4C42-8F78-A6E9D5DDD969}.Release|Any CPU.ActiveCfg = Release|Any CPU
		{F94CEF06-D9A7-4C42-8F78-A6E9D5DDD969}.Release|Any CPU.Build.0 = Release|Any CPU
	EndGlobalSection
	GlobalSection(SolutionProperties) = preSolution
		HideSolutionNode = FALSE
	EndGlobalSection
	GlobalSection(ExtensibilityGlobals) = postSolution
		SolutionGuid = {D61418C5-7513-4AAD-9B8A-B24569BBBC1C}
	EndGlobalSection
EndGlobal
