
Microsoft Visual Studio Solution File, Format Version 12.00
# Visual Studio Version 17
VisualStudioVersion = 17.11.35312.102
MinimumVisualStudioVersion = 10.0.40219.1
Project("{FAE04EC0-301F-11D3-BF4B-00C04F79EFBC}") = "BaiKiemTra02", "BaiKiemTra02.csproj", "{E2906B2D-13E1-4464-AAFC-8C65C6F39736}"
EndProject
Global
	GlobalSection(SolutionConfigurationPlatforms) = preSolution
		Debug|Any CPU = Debug|Any CPU
		Release|Any CPU = Release|Any CPU
	EndGlobalSection
	GlobalSection(ProjectConfigurationPlatforms) = postSolution
		{E2906B2D-13E1-4464-AAFC-8C65C6F39736}.Debug|Any CPU.ActiveCfg = Debug|Any CPU
		{E2906B2D-13E1-4464-AAFC-8C65C6F39736}.Debug|Any CPU.Build.0 = Debug|Any CPU
		{E2906B2D-13E1-4464-AAFC-8C65C6F39736}.Release|Any CPU.ActiveCfg = Release|Any CPU
		{E2906B2D-13E1-4464-AAFC-8C65C6F39736}.Release|Any CPU.Build.0 = Release|Any CPU
	EndGlobalSection
	GlobalSection(SolutionProperties) = preSolution
		HideSolutionNode = FALSE
	EndGlobalSection
	GlobalSection(ExtensibilityGlobals) = postSolution
		SolutionGuid = {4C76A9FC-79B0-478B-A11A-20DEEA2DFFA8}
	EndGlobalSection
EndGlobal
